// !$*UTF8*$!
{
	archiveVersion = 1;
	classes = {
	};
	objectVersion = 46;
	objects = {

/* Begin PBXBuildFile section */
		77D0C6D11D4F97D700D8A2A0 /* AppDelegate.swift in Sources */ = {isa = PBXBuildFile; fileRef = 77D0C6D01D4F97D700D8A2A0 /* AppDelegate.swift */; };
		77D0C6D31D4F97D700D8A2A0 /* ViewController.swift in Sources */ = {isa = PBXBuildFile; fileRef = 77D0C6D21D4F97D700D8A2A0 /* ViewController.swift */; };
		77D0C6D61D4F97D700D8A2A0 /* Main.storyboard in Resources */ = {isa = PBXBuildFile; fileRef = 77D0C6D41D4F97D700D8A2A0 /* Main.storyboard */; };
		77D0C6D81D4F97D700D8A2A0 /* Assets.xcassets in Resources */ = {isa = PBXBuildFile; fileRef = 77D0C6D71D4F97D700D8A2A0 /* Assets.xcassets */; };
		77D0C6DB1D4F97D700D8A2A0 /* LaunchScreen.storyboard in Resources */ = {isa = PBXBuildFile; fileRef = 77D0C6D91D4F97D700D8A2A0 /* LaunchScreen.storyboard */; };
		77D0C6E61D4F97D700D8A2A0 /* LaxRank03Tests.swift in Sources */ = {isa = PBXBuildFile; fileRef = 77D0C6E51D4F97D700D8A2A0 /* LaxRank03Tests.swift */; };
		77D0C6F11D4F97D700D8A2A0 /* LaxRank03UITests.swift in Sources */ = {isa = PBXBuildFile; fileRef = 77D0C6F01D4F97D700D8A2A0 /* LaxRank03UITests.swift */; };
/* End PBXBuildFile section */

/* Begin PBXContainerItemProxy section */
		77D0C6E21D4F97D700D8A2A0 /* PBXContainerItemProxy */ = {
			isa = PBXContainerItemProxy;
			containerPortal = 77D0C6C51D4F97D700D8A2A0 /* Project object */;
			proxyType = 1;
			remoteGlobalIDString = 77D0C6CC1D4F97D700D8A2A0;
			remoteInfo = LaxRank03;
		};
		77D0C6ED1D4F97D700D8A2A0 /* PBXContainerItemProxy */ = {
			isa = PBXContainerItemProxy;
			containerPortal = 77D0C6C51D4F97D700D8A2A0 /* Project object */;
			proxyType = 1;
			remoteGlobalIDString = 77D0C6CC1D4F97D700D8A2A0;
			remoteInfo = LaxRank03;
		};
/* End PBXContainerItemProxy section */

/* Begin PBXFileReference section */
		77D0C6CD1D4F97D700D8A2A0 /* LaxRank03.app */ = {isa = PBXFileReference; explicitFileType = wrapper.application; includeInIndex = 0; path = LaxRank03.app; sourceTree = BUILT_PRODUCTS_DIR; };
		77D0C6D01D4F97D700D8A2A0 /* AppDelegate.swift */ = {isa = PBXFileReference; lastKnownFileType = sourcecode.swift; path = AppDelegate.swift; sourceTree = "<group>"; };
		77D0C6D21D4F97D700D8A2A0 /* ViewController.swift */ = {isa = PBXFileReference; lastKnownFileType = sourcecode.swift; path = ViewController.swift; sourceTree = "<group>"; };
		77D0C6D51D4F97D700D8A2A0 /* Base */ = {isa = PBXFileReference; lastKnownFileType = file.storyboard; name = Base; path = Base.lproj/Main.storyboard; sourceTree = "<group>"; };
		77D0C6D71D4F97D700D8A2A0 /* Assets.xcassets */ = {isa = PBXFileReference; lastKnownFileType = folder.assetcatalog; path = Assets.xcassets; sourceTree = "<group>"; };
		77D0C6DA1D4F97D700D8A2A0 /* Base */ = {isa = PBXFileReference; lastKnownFileType = file.storyboard; name = Base; path = Base.lproj/LaunchScreen.storyboard; sourceTree = "<group>"; };
		77D0C6DC1D4F97D700D8A2A0 /* Info.plist */ = {isa = PBXFileReference; lastKnownFileType = text.plist.xml; path = Info.plist; sourceTree = "<group>"; };
		77D0C6E11D4F97D700D8A2A0 /* LaxRank03Tests.xctest */ = {isa = PBXFileReference; explicitFileType = wrapper.cfbundle; includeInIndex = 0; path = LaxRank03Tests.xctest; sourceTree = BUILT_PRODUCTS_DIR; };
		77D0C6E51D4F97D700D8A2A0 /* LaxRank03Tests.swift */ = {isa = PBXFileReference; lastKnownFileType = sourcecode.swift; path = LaxRank03Tests.swift; sourceTree = "<group>"; };
		77D0C6E71D4F97D700D8A2A0 /* Info.plist */ = {isa = PBXFileReference; lastKnownFileType = text.plist.xml; path = Info.plist; sourceTree = "<group>"; };
		77D0C6EC1D4F97D700D8A2A0 /* LaxRank03UITests.xctest */ = {isa = PBXFileReference; explicitFileType = wrapper.cfbundle; includeInIndex = 0; path = LaxRank03UITests.xctest; sourceTree = BUILT_PRODUCTS_DIR; };
		77D0C6F01D4F97D700D8A2A0 /* LaxRank03UITests.swift */ = {isa = PBXFileReference; lastKnownFileType = sourcecode.swift; path = LaxRank03UITests.swift; sourceTree = "<group>"; };
		77D0C6F21D4F97D700D8A2A0 /* Info.plist */ = {isa = PBXFileReference; lastKnownFileType = text.plist.xml; path = Info.plist; sourceTree = "<group>"; };
/* End PBXFileReference section */

/* Begin PBXFrameworksBuildPhase section */
		77D0C6CA1D4F97D700D8A2A0 /* Frameworks */ = {
			isa = PBXFrameworksBuildPhase;
			buildActionMask = 2147483647;
			files = (
			);
			runOnlyForDeploymentPostprocessing = 0;
		};
		77D0C6DE1D4F97D700D8A2A0 /* Frameworks */ = {
			isa = PBXFrameworksBuildPhase;
			buildActionMask = 2147483647;
			files = (
			);
			runOnlyForDeploymentPostprocessing = 0;
		};
		77D0C6E91D4F97D700D8A2A0 /* Frameworks */ = {
			isa = PBXFrameworksBuildPhase;
			buildActionMask = 2147483647;
			files = (
			);
			runOnlyForDeploymentPostprocessing = 0;
		};
/* End PBXFrameworksBuildPhase section */

/* Begin PBXGroup section */
		77D0C6C41D4F97D600D8A2A0 = {
			isa = PBXGroup;
			children = (
				77D0C6CF1D4F97D700D8A2A0 /* LaxRank03 */,
				77D0C6E41D4F97D700D8A2A0 /* LaxRank03Tests */,
				77D0C6EF1D4F97D700D8A2A0 /* LaxRank03UITests */,
				77D0C6CE1D4F97D700D8A2A0 /* Products */,
			);
			sourceTree = "<group>";
		};
		77D0C6CE1D4F97D700D8A2A0 /* Products */ = {
			isa = PBXGroup;
			children = (
				77D0C6CD1D4F97D700D8A2A0 /* LaxRank03.app */,
				77D0C6E11D4F97D700D8A2A0 /* LaxRank03Tests.xctest */,
				77D0C6EC1D4F97D700D8A2A0 /* LaxRank03UITests.xctest */,
			);
			name = Products;
			sourceTree = "<group>";
		};
		77D0C6CF1D4F97D700D8A2A0 /* LaxRank03 */ = {
			isa = PBXGroup;
			children = (
				77D0C6D01D4F97D700D8A2A0 /* AppDelegate.swift */,
				77D0C6D21D4F97D700D8A2A0 /* ViewController.swift */,
				77D0C6D41D4F97D700D8A2A0 /* Main.storyboard */,
				77D0C6D71D4F97D700D8A2A0 /* Assets.xcassets */,
				77D0C6D91D4F97D700D8A2A0 /* LaunchScreen.storyboard */,
				77D0C6DC1D4F97D700D8A2A0 /* Info.plist */,
			);
			path = LaxRank03;
			sourceTree = "<group>";
		};
		77D0C6E41D4F97D700D8A2A0 /* LaxRank03Tests */ = {
			isa = PBXGroup;
			children = (
				77D0C6E51D4F97D700D8A2A0 /* LaxRank03Tests.swift */,
				77D0C6E71D4F97D700D8A2A0 /* Info.plist */,
			);
			path = LaxRank03Tests;
			sourceTree = "<group>";
		};
		77D0C6EF1D4F97D700D8A2A0 /* LaxRank03UITests */ = {
			isa = PBXGroup;
			children = (
				77D0C6F01D4F97D700D8A2A0 /* LaxRank03UITests.swift */,
				77D0C6F21D4F97D700D8A2A0 /* Info.plist */,
			);
			path = LaxRank03UITests;
			sourceTree = "<group>";
		};
/* End PBXGroup section */

/* Begin PBXNativeTarget section */
		77D0C6CC1D4F97D700D8A2A0 /* LaxRank03 */ = {
			isa = PBXNativeTarget;
			buildConfigurationList = 77D0C6F51D4F97D700D8A2A0 /* Build configuration list for PBXNativeTarget "LaxRank03" */;
			buildPhases = (
				77D0C6C91D4F97D700D8A2A0 /* Sources */,
				77D0C6CA1D4F97D700D8A2A0 /* Frameworks */,
				77D0C6CB1D4F97D700D8A2A0 /* Resources */,
			);
			buildRules = (
			);
			dependencies = (
			);
			name = LaxRank03;
			productName = LaxRank03;
			productReference = 77D0C6CD1D4F97D700D8A2A0 /* LaxRank03.app */;
			productType = "com.apple.product-type.application";
		};
		77D0C6E01D4F97D700D8A2A0 /* LaxRank03Tests */ = {
			isa = PBXNativeTarget;
			buildConfigurationList = 77D0C6F81D4F97D700D8A2A0 /* Build configuration list for PBXNativeTarget "LaxRank03Tests" */;
			buildPhases = (
				77D0C6DD1D4F97D700D8A2A0 /* Sources */,
				77D0C6DE1D4F97D700D8A2A0 /* Frameworks */,
				77D0C6DF1D4F97D700D8A2A0 /* Resources */,
			);
			buildRules = (
			);
			dependencies = (
				77D0C6E31D4F97D700D8A2A0 /* PBXTargetDependency */,
			);
			name = LaxRank03Tests;
			productName = LaxRank03Tests;
			productReference = 77D0C6E11D4F97D700D8A2A0 /* LaxRank03Tests.xctest */;
			productType = "com.apple.product-type.bundle.unit-test";
		};
		77D0C6EB1D4F97D700D8A2A0 /* LaxRank03UITests */ = {
			isa = PBXNativeTarget;
			buildConfigurationList = 77D0C6FB1D4F97D700D8A2A0 /* Build configuration list for PBXNativeTarget "LaxRank03UITests" */;
			buildPhases = (
				77D0C6E81D4F97D700D8A2A0 /* Sources */,
				77D0C6E91D4F97D700D8A2A0 /* Frameworks */,
				77D0C6EA1D4F97D700D8A2A0 /* Resources */,
			);
			buildRules = (
			);
			dependencies = (
				77D0C6EE1D4F97D700D8A2A0 /* PBXTargetDependency */,
			);
			name = LaxRank03UITests;
			productName = LaxRank03UITests;
			productReference = 77D0C6EC1D4F97D700D8A2A0 /* LaxRank03UITests.xctest */;
			productType = "com.apple.product-type.bundle.ui-testing";
		};
/* End PBXNativeTarget section */

/* Begin PBXProject section */
		77D0C6C51D4F97D700D8A2A0 /* Project object */ = {
			isa = PBXProject;
			attributes = {
				LastSwiftUpdateCheck = 0730;
				LastUpgradeCheck = 0730;
				ORGANIZATIONNAME = "JONATHAN HARLAN";
				TargetAttributes = {
					77D0C6CC1D4F97D700D8A2A0 = {
						CreatedOnToolsVersion = 7.3.1;
					};
					77D0C6E01D4F97D700D8A2A0 = {
						CreatedOnToolsVersion = 7.3.1;
						TestTargetID = 77D0C6CC1D4F97D700D8A2A0;
					};
					77D0C6EB1D4F97D700D8A2A0 = {
						CreatedOnToolsVersion = 7.3.1;
						TestTargetID = 77D0C6CC1D4F97D700D8A2A0;
					};
				};
			};
			buildConfigurationList = 77D0C6C81D4F97D700D8A2A0 /* Build configuration list for PBXProject "LaxRank03" */;
			compatibilityVersion = "Xcode 3.2";
			developmentRegion = English;
			hasScannedForEncodings = 0;
			knownRegions = (
				en,
				Base,
			);
			mainGroup = 77D0C6C41D4F97D600D8A2A0;
			productRefGroup = 77D0C6CE1D4F97D700D8A2A0 /* Products */;
			projectDirPath = "";
			projectRoot = "";
			targets = (
				77D0C6CC1D4F97D700D8A2A0 /* LaxRank03 */,
				77D0C6E01D4F97D700D8A2A0 /* LaxRank03Tests */,
				77D0C6EB1D4F97D700D8A2A0 /* LaxRank03UITests */,
			);
		};
/* End PBXProject section */

/* Begin PBXResourcesBuildPhase section */
		77D0C6CB1D4F97D700D8A2A0 /* Resources */ = {
			isa = PBXResourcesBuildPhase;
			buildActionMask = 2147483647;
			files = (
				77D0C6DB1D4F97D700D8A2A0 /* LaunchScreen.storyboard in Resources */,
				77D0C6D81D4F97D700D8A2A0 /* Assets.xcassets in Resources */,
				77D0C6D61D4F97D700D8A2A0 /* Main.storyboard in Resources */,
			);
			runOnlyForDeploymentPostprocessing = 0;
		};
		77D0C6DF1D4F97D700D8A2A0 /* Resources */ = {
			isa = PBXResourcesBuildPhase;
			buildActionMask = 2147483647;
			files = (
			);
			runOnlyForDeploymentPostprocessing = 0;
		};
		77D0C6EA1D4F97D700D8A2A0 /* Resources */ = {
			isa = PBXResourcesBuildPhase;
			buildActionMask = 2147483647;
			files = (
			);
			runOnlyForDeploymentPostprocessing = 0;
		};
/* End PBXResourcesBuildPhase section */

/* Begin PBXSourcesBuildPhase section */
		77D0C6C91D4F97D700D8A2A0 /* Sources */ = {
			isa = PBXSourcesBuildPhase;
			buildActionMask = 2147483647;
			files = (
				77D0C6D31D4F97D700D8A2A0 /* ViewController.swift in Sources */,
				77D0C6D11D4F97D700D8A2A0 /* AppDelegate.swift in Sources */,
			);
			runOnlyForDeploymentPostprocessing = 0;
		};
		77D0C6DD1D4F97D700D8A2A0 /* Sources */ = {
			isa = PBXSourcesBuildPhase;
			buildActionMask = 2147483647;
			files = (
				77D0C6E61D4F97D700D8A2A0 /* LaxRank03Tests.swift in Sources */,
			);
			runOnlyForDeploymentPostprocessing = 0;
		};
		77D0C6E81D4F97D700D8A2A0 /* Sources */ = {
			isa = PBXSourcesBuildPhase;
			buildActionMask = 2147483647;
			files = (
				77D0C6F11D4F97D700D8A2A0 /* LaxRank03UITests.swift in Sources */,
			);
			runOnlyForDeploymentPostprocessing = 0;
		};
/* End PBXSourcesBuildPhase section */

/* Begin PBXTargetDependency section */
		77D0C6E31D4F97D700D8A2A0 /* PBXTargetDependency */ = {
			isa = PBXTargetDependency;
			target = 77D0C6CC1D4F97D700D8A2A0 /* LaxRank03 */;
			targetProxy = 77D0C6E21D4F97D700D8A2A0 /* PBXContainerItemProxy */;
		};
		77D0C6EE1D4F97D700D8A2A0 /* PBXTargetDependency */ = {
			isa = PBXTargetDependency;
			target = 77D0C6CC1D4F97D700D8A2A0 /* LaxRank03 */;
			targetProxy = 77D0C6ED1D4F97D700D8A2A0 /* PBXContainerItemProxy */;
		};
/* End PBXTargetDependency section */

/* Begin PBXVariantGroup section */
		77D0C6D41D4F97D700D8A2A0 /* Main.storyboard */ = {
			isa = PBXVariantGroup;
			children = (
				77D0C6D51D4F97D700D8A2A0 /* Base */,
			);
			name = Main.storyboard;
			sourceTree = "<group>";
		};
		77D0C6D91D4F97D700D8A2A0 /* LaunchScreen.storyboard */ = {
			isa = PBXVariantGroup;
			children = (
				77D0C6DA1D4F97D700D8A2A0 /* Base */,
			);
			name = LaunchScreen.storyboard;
			sourceTree = "<group>";
		};
/* End PBXVariantGroup section */

/* Begin XCBuildConfiguration section */
		77D0C6F31D4F97D700D8A2A0 /* Debug */ = {
			isa = XCBuildConfiguration;
			buildSettings = {
				ALWAYS_SEARCH_USER_PATHS = NO;
				CLANG_ANALYZER_NONNULL = YES;
				CLANG_CXX_LANGUAGE_STANDARD = "gnu++0x";
				CLANG_CXX_LIBRARY = "libc++";
				CLANG_ENABLE_MODULES = YES;
				CLANG_ENABLE_OBJC_ARC = YES;
				CLANG_WARN_BOOL_CONVERSION = YES;
				CLANG_WARN_CONSTANT_CONVERSION = YES;
				CLANG_WARN_DIRECT_OBJC_ISA_USAGE = YES_ERROR;
				CLANG_WARN_EMPTY_BODY = YES;
				CLANG_WARN_ENUM_CONVERSION = YES;
				CLANG_WARN_INT_CONVERSION = YES;
				CLANG_WARN_OBJC_ROOT_CLASS = YES_ERROR;
				CLANG_WARN_UNREACHABLE_CODE = YES;
				CLANG_WARN__DUPLICATE_METHOD_MATCH = YES;
				"CODE_SIGN_IDENTITY[sdk=iphoneos*]" = "iPhone Developer";
				COPY_PHASE_STRIP = NO;
				DEBUG_INFORMATION_FORMAT = dwarf;
				ENABLE_STRICT_OBJC_MSGSEND = YES;
				ENABLE_TESTABILITY = YES;
				GCC_C_LANGUAGE_STANDARD = gnu99;
				GCC_DYNAMIC_NO_PIC = NO;
				GCC_NO_COMMON_BLOCKS = YES;
				GCC_OPTIMIZATION_LEVEL = 0;
				GCC_PREPROCESSOR_DEFINITIONS = (
					"DEBUG=1",
					"$(inherited)",
				);
				GCC_WARN_64_TO_32_BIT_CONVERSION = YES;
				GCC_WARN_ABOUT_RETURN_TYPE = YES_ERROR;
				GCC_WARN_UNDECLARED_SELECTOR = YES;
				GCC_WARN_UNINITIALIZED_AUTOS = YES_AGGRESSIVE;
				GCC_WARN_UNUSED_FUNCTION = YES;
				GCC_WARN_UNUSED_VARIABLE = YES;
				IPHONEOS_DEPLOYMENT_TARGET = 9.3;
				MTL_ENABLE_DEBUG_INFO = YES;
				ONLY_ACTIVE_ARCH = YES;
				SDKROOT = iphoneos;
				SWIFT_OPTIMIZATION_LEVEL = "-Onone";
				TARGETED_DEVICE_FAMILY = "1,2";
			};
			name = Debug;
		};
		77D0C6F41D4F97D700D8A2A0 /* Release */ = {
			isa = XCBuildConfiguration;
			buildSettings = {
				ALWAYS_SEARCH_USER_PATHS = NO;
				CLANG_ANALYZER_NONNULL = YES;
				CLANG_CXX_LANGUAGE_STANDARD = "gnu++0x";
				CLANG_CXX_LIBRARY = "libc++";
				CLANG_ENABLE_MODULES = YES;
				CLANG_ENABLE_OBJC_ARC = YES;
				CLANG_WARN_BOOL_CONVERSION = YES;
				CLANG_WARN_CONSTANT_CONVERSION = YES;
				CLANG_WARN_DIRECT_OBJC_ISA_USAGE = YES_ERROR;
				CLANG_WARN_EMPTY_BODY = YES;
				CLANG_WARN_ENUM_CONVERSION = YES;
				CLANG_WARN_INT_CONVERSION = YES;
				CLANG_WARN_OBJC_ROOT_CLASS = YES_ERROR;
				CLANG_WARN_UNREACHABLE_CODE = YES;
				CLANG_WARN__DUPLICATE_METHOD_MATCH = YES;
				"CODE_SIGN_IDENTITY[sdk=iphoneos*]" = "iPhone Developer";
				COPY_PHASE_STRIP = NO;
				DEBUG_INFORMATION_FORMAT = "dwarf-with-dsym";
				ENABLE_NS_ASSERTIONS = NO;
				ENABLE_STRICT_OBJC_MSGSEND = YES;
				GCC_C_LANGUAGE_STANDARD = gnu99;
				GCC_NO_COMMON_BLOCKS = YES;
				GCC_WARN_64_TO_32_BIT_CONVERSION = YES;
				GCC_WARN_ABOUT_RETURN_TYPE = YES_ERROR;
				GCC_WARN_UNDECLARED_SELECTOR = YES;
				GCC_WARN_UNINITIALIZED_AUTOS = YES_AGGRESSIVE;
				GCC_WARN_UNUSED_FUNCTION = YES;
				GCC_WARN_UNUSED_VARIABLE = YES;
				IPHONEOS_DEPLOYMENT_TARGET = 9.3;
				MTL_ENABLE_DEBUG_INFO = NO;
				SDKROOT = iphoneos;
				TARGETED_DEVICE_FAMILY = "1,2";
				VALIDATE_PRODUCT = YES;
			};
			name = Release;
		};
		77D0C6F61D4F97D700D8A2A0 /* Debug */ = {
			isa = XCBuildConfiguration;
			buildSettings = {
				ASSETCATALOG_COMPILER_APPICON_NAME = AppIcon;
				INFOPLIST_FILE = LaxRank03/Info.plist;
				LD_RUNPATH_SEARCH_PATHS = "$(inherited) @executable_path/Frameworks";
				PRODUCT_BUNDLE_IDENTIFIER = jonharlan.LaxRank03;
				PRODUCT_NAME = "$(TARGET_NAME)";
			};
			name = Debug;
		};
		77D0C6F71D4F97D700D8A2A0 /* Release */ = {
			isa = XCBuildConfiguration;
			buildSettings = {
				ASSETCATALOG_COMPILER_APPICON_NAME = AppIcon;
				INFOPLIST_FILE = LaxRank03/Info.plist;
				LD_RUNPATH_SEARCH_PATHS = "$(inherited) @executable_path/Frameworks";
				PRODUCT_BUNDLE_IDENTIFIER = jonharlan.LaxRank03;
				PRODUCT_NAME = "$(TARGET_NAME)";
			};
			name = Release;
		};
		77D0C6F91D4F97D700D8A2A0 /* Debug */ = {
			isa = XCBuildConfiguration;
			buildSettings = {
				BUNDLE_LOADER = "$(TEST_HOST)";
				INFOPLIST_FILE = LaxRank03Tests/Info.plist;
				LD_RUNPATH_SEARCH_PATHS = "$(inherited) @executable_path/Frameworks @loader_path/Frameworks";
				PRODUCT_BUNDLE_IDENTIFIER = jonharlan.LaxRank03Tests;
				PRODUCT_NAME = "$(TARGET_NAME)";
				TEST_HOST = "$(BUILT_PRODUCTS_DIR)/LaxRank03.app/LaxRank03";
			};
			name = Debug;
		};
		77D0C6FA1D4F97D700D8A2A0 /* Release */ = {
			isa = XCBuildConfiguration;
			buildSettings = {
				BUNDLE_LOADER = "$(TEST_HOST)";
				INFOPLIST_FILE = LaxRank03Tests/Info.plist;
				LD_RUNPATH_SEARCH_PATHS = "$(inherited) @executable_path/Frameworks @loader_path/Frameworks";
				PRODUCT_BUNDLE_IDENTIFIER = jonharlan.LaxRank03Tests;
				PRODUCT_NAME = "$(TARGET_NAME)";
				TEST_HOST = "$(BUILT_PRODUCTS_DIR)/LaxRank03.app/LaxRank03";
			};
			name = Release;
		};
		77D0C6FC1D4F97D700D8A2A0 /* Debug */ = {
			isa = XCBuildConfiguration;
			buildSettings = {
				INFOPLIST_FILE = LaxRank03UITests/Info.plist;
				LD_RUNPATH_SEARCH_PATHS = "$(inherited) @executable_path/Frameworks @loader_path/Frameworks";
				PRODUCT_BUNDLE_IDENTIFIER = jonharlan.LaxRank03UITests;
				PRODUCT_NAME = "$(TARGET_NAME)";
				TEST_TARGET_NAME = LaxRank03;
			};
			name = Debug;
		};
		77D0C6FD1D4F97D700D8A2A0 /* Release */ = {
			isa = XCBuildConfiguration;
			buildSettings = {
				INFOPLIST_FILE = LaxRank03UITests/Info.plist;
				LD_RUNPATH_SEARCH_PATHS = "$(inherited) @executable_path/Frameworks @loader_path/Frameworks";
				PRODUCT_BUNDLE_IDENTIFIER = jonharlan.LaxRank03UITests;
				PRODUCT_NAME = "$(TARGET_NAME)";
				TEST_TARGET_NAME = LaxRank03;
			};
			name = Release;
		};
/* End XCBuildConfiguration section */

/* Begin XCConfigurationList section */
		77D0C6C81D4F97D700D8A2A0 /* Build configuration list for PBXProject "LaxRank03" */ = {
			isa = XCConfigurationList;
			buildConfigurations = (
				77D0C6F31D4F97D700D8A2A0 /* Debug */,
				77D0C6F41D4F97D700D8A2A0 /* Release */,
			);
			defaultConfigurationIsVisible = 0;
			defaultConfigurationName = Release;
		};
		77D0C6F51D4F97D700D8A2A0 /* Build configuration list for PBXNativeTarget "LaxRank03" */ = {
			isa = XCConfigurationList;
			buildConfigurations = (
				77D0C6F61D4F97D700D8A2A0 /* Debug */,
				77D0C6F71D4F97D700D8A2A0 /* Release */,
			);
			defaultConfigurationIsVisible = 0;
		};
		77D0C6F81D4F97D700D8A2A0 /* Build configuration list for PBXNativeTarget "LaxRank03Tests" */ = {
			isa = XCConfigurationList;
			buildConfigurations = (
				77D0C6F91D4F97D700D8A2A0 /* Debug */,
				77D0C6FA1D4F97D700D8A2A0 /* Release */,
			);
			defaultConfigurationIsVisible = 0;
		};
		77D0C6FB1D4F97D700D8A2A0 /* Build configuration list for PBXNativeTarget "LaxRank03UITests" */ = {
			isa = XCConfigurationList;
			buildConfigurations = (
				77D0C6FC1D4F97D700D8A2A0 /* Debug */,
				77D0C6FD1D4F97D700D8A2A0 /* Release */,
			);
			defaultConfigurationIsVisible = 0;
		};
/* End XCConfigurationList section */
	};
	rootObject = 77D0C6C51D4F97D700D8A2A0 /* Project object */;
}
